
Microsoft Visual Studio Solution File, Format Version 12.00
# Visual Studio Version 17
VisualStudioVersion = 17.3.32922.545
MinimumVisualStudioVersion = 10.0.40219.1
Project("{FAE04EC0-301F-11D3-BF4B-00C04F79EFBC}") = "Project 1", "project 1\Project 1.csproj", "{FEFB89EF-5C41-4D04-B422-A561A30B47AA}"
EndProject
Project("{FAE04EC0-301F-11D3-BF4B-00C04F79EFBC}") = "Company.Core", "Company.Core\Company.Core.csproj", "{255DAD00-BA36-4966-8F4C-7751B2EEE54F}"
EndProject
Project("{FAE04EC0-301F-11D3-BF4B-00C04F79EFBC}") = "Company.Repository", "Company.Repository\Company.Repository.csproj", "{0267AD66-5AF2-4259-9349-D88EC0C17FDF}"
EndProject
Project("{FAE04EC0-301F-11D3-BF4B-00C04F79EFBC}") = "Company.Service", "Company.Service\Company.Service.csproj", "{D3C9DE4D-C633-4F3E-9D59-48EB3A1440D3}"
EndProject
Global
	GlobalSection(SolutionConfigurationPlatforms) = preSolution
		Debug|Any CPU = Debug|Any CPU
		Release|Any CPU = Release|Any CPU
	EndGlobalSection
	GlobalSection(ProjectConfigurationPlatforms) = postSolution
		{FEFB89EF-5C41-4D04-B422-A561A30B47AA}.Debug|Any CPU.ActiveCfg = Debug|Any CPU
		{FEFB89EF-5C41-4D04-B422-A561A30B47AA}.Debug|Any CPU.Build.0 = Debug|Any CPU
		{FEFB89EF-5C41-4D04-B422-A561A30B47AA}.Release|Any CPU.ActiveCfg = Release|Any CPU
		{FEFB89EF-5C41-4D04-B422-A561A30B47AA}.Release|Any CPU.Build.0 = Release|Any CPU
		{255DAD00-BA36-4966-8F4C-7751B2EEE54F}.Debug|Any CPU.ActiveCfg = Debug|Any CPU
		{255DAD00-BA36-4966-8F4C-7751B2EEE54F}.Debug|Any CPU.Build.0 = Debug|Any CPU
		{255DAD00-BA36-4966-8F4C-7751B2EEE54F}.Release|Any CPU.ActiveCfg = Release|Any CPU
		{255DAD00-BA36-4966-8F4C-7751B2EEE54F}.Release|Any CPU.Build.0 = Release|Any CPU
		{0267AD66-5AF2-4259-9349-D88EC0C17FDF}.Debug|Any CPU.ActiveCfg = Debug|Any CPU
		{0267AD66-5AF2-4259-9349-D88EC0C17FDF}.Debug|Any CPU.Build.0 = Debug|Any CPU
		{0267AD66-5AF2-4259-9349-D88EC0C17FDF}.Release|Any CPU.ActiveCfg = Release|Any CPU
		{0267AD66-5AF2-4259-9349-D88EC0C17FDF}.Release|Any CPU.Build.0 = Release|Any CPU
		{D3C9DE4D-C633-4F3E-9D59-48EB3A1440D3}.Debug|Any CPU.ActiveCfg = Debug|Any CPU
		{D3C9DE4D-C633-4F3E-9D59-48EB3A1440D3}.Debug|Any CPU.Build.0 = Debug|Any CPU
		{D3C9DE4D-C633-4F3E-9D59-48EB3A1440D3}.Release|Any CPU.ActiveCfg = Release|Any CPU
		{D3C9DE4D-C633-4F3E-9D59-48EB3A1440D3}.Release|Any CPU.Build.0 = Release|Any CPU
	EndGlobalSection
	GlobalSection(SolutionProperties) = preSolution
		HideSolutionNode = FALSE
	EndGlobalSection
	GlobalSection(ExtensibilityGlobals) = postSolution
		SolutionGuid = {B26670E2-9F2B-469A-8C6E-0E37C79502E4}
	EndGlobalSection
EndGlobal
